// !$*UTF8*$!
{
	archiveVersion = 1;
	classes = {
	};
	objectVersion = 56;
	objects = {

/* Begin PBXBuildFile section */
		1A0324FE2A49E92100EA284B /* Extention + UIApplication.swift in Sources */ = {isa = PBXBuildFile; fileRef = 1A0324FD2A49E92100EA284B /* Extention + UIApplication.swift */; };
		1A3FE67A29E6220500BA673A /* FeedViewController.swift in Sources */ = {isa = PBXBuildFile; fileRef = 1A3FE67929E6220500BA673A /* FeedViewController.swift */; };
		1A3FE67C29E6221200BA673A /* ProfileViewController.swift in Sources */ = {isa = PBXBuildFile; fileRef = 1A3FE67B29E6221200BA673A /* ProfileViewController.swift */; };
		1A7FF4EB29E6D4F300F3862D /* PostViewController.swift in Sources */ = {isa = PBXBuildFile; fileRef = 1A7FF4EA29E6D4F300F3862D /* PostViewController.swift */; };
		1A8B134E29E60B6000376913 /* AppDelegate.swift in Sources */ = {isa = PBXBuildFile; fileRef = 1A8B134D29E60B6000376913 /* AppDelegate.swift */; };
		1A8B135029E60B6000376913 /* SceneDelegate.swift in Sources */ = {isa = PBXBuildFile; fileRef = 1A8B134F29E60B6000376913 /* SceneDelegate.swift */; };
		1A8B135729E60B6100376913 /* Assets.xcassets in Resources */ = {isa = PBXBuildFile; fileRef = 1A8B135629E60B6100376913 /* Assets.xcassets */; };
		1A8B135A29E60B6100376913 /* LaunchScreen.storyboard in Resources */ = {isa = PBXBuildFile; fileRef = 1A8B135829E60B6100376913 /* LaunchScreen.storyboard */; };
		1A9988012A48EAB2001D99EA /* PhotoViewController.swift in Sources */ = {isa = PBXBuildFile; fileRef = 1A9988002A48EAB2001D99EA /* PhotoViewController.swift */; };
		1A9988042A48ED66001D99EA /* CustomCollectionGalery.swift in Sources */ = {isa = PBXBuildFile; fileRef = 1A9988032A48ED66001D99EA /* CustomCollectionGalery.swift */; };
		1AA767B72A3E401D006FE40C /* PhotosTableViewCell.swift in Sources */ = {isa = PBXBuildFile; fileRef = 1AA767B62A3E401D006FE40C /* PhotosTableViewCell.swift */; };
		1AA767B92A40C099006FE40C /* UIViewController + extention.swift in Sources */ = {isa = PBXBuildFile; fileRef = 1AA767B82A40C099006FE40C /* UIViewController + extention.swift */; };
		1AA767BB2A40C523006FE40C /* CustomCollectionViewCell.swift in Sources */ = {isa = PBXBuildFile; fileRef = 1AA767BA2A40C523006FE40C /* CustomCollectionViewCell.swift */; };
		1AA767BD2A40CB21006FE40C /* PhotosModel.swift in Sources */ = {isa = PBXBuildFile; fileRef = 1AA767BC2A40CB21006FE40C /* PhotosModel.swift */; };
		1AD6E4B72A0690E400199347 /* ProfileTableHeaderView.swift in Sources */ = {isa = PBXBuildFile; fileRef = 1AD6E4B62A0690E400199347 /* ProfileTableHeaderView.swift */; };
		1AE8EF832A309962007E1D65 /* PostModel.swift in Sources */ = {isa = PBXBuildFile; fileRef = 1AE8EF822A309962007E1D65 /* PostModel.swift */; };
		1AE8EF872A333634007E1D65 /* PostTableViewCell.swift in Sources */ = {isa = PBXBuildFile; fileRef = 1AE8EF862A333634007E1D65 /* PostTableViewCell.swift */; };
		1AE8EF892A336B6F007E1D65 /* UIViewExtention.swift in Sources */ = {isa = PBXBuildFile; fileRef = 1AE8EF882A336B6F007E1D65 /* UIViewExtention.swift */; };
		1AEA1BA529F198B700367085 /* Post.swift in Sources */ = {isa = PBXBuildFile; fileRef = 1AEA1BA429F198B700367085 /* Post.swift */; };
		1AEA1BA929F19DD300367085 /* InfoViewController.swift in Sources */ = {isa = PBXBuildFile; fileRef = 1AEA1BA829F19DD300367085 /* InfoViewController.swift */; };
/* End PBXBuildFile section */

/* Begin PBXFileReference section */
		1A0324FD2A49E92100EA284B /* Extention + UIApplication.swift */ = {isa = PBXFileReference; lastKnownFileType = sourcecode.swift; path = "Extention + UIApplication.swift"; sourceTree = "<group>"; };
		1A3FE67929E6220500BA673A /* FeedViewController.swift */ = {isa = PBXFileReference; lastKnownFileType = sourcecode.swift; path = FeedViewController.swift; sourceTree = "<group>"; };
		1A3FE67B29E6221200BA673A /* ProfileViewController.swift */ = {isa = PBXFileReference; lastKnownFileType = sourcecode.swift; path = ProfileViewController.swift; sourceTree = "<group>"; };
		1A7FF4EA29E6D4F300F3862D /* PostViewController.swift */ = {isa = PBXFileReference; lastKnownFileType = sourcecode.swift; path = PostViewController.swift; sourceTree = "<group>"; };
		1A8B134A29E60B6000376913 /* Navigation.app */ = {isa = PBXFileReference; explicitFileType = wrapper.application; includeInIndex = 0; path = Navigation.app; sourceTree = BUILT_PRODUCTS_DIR; };
		1A8B134D29E60B6000376913 /* AppDelegate.swift */ = {isa = PBXFileReference; lastKnownFileType = sourcecode.swift; path = AppDelegate.swift; sourceTree = "<group>"; };
		1A8B134F29E60B6000376913 /* SceneDelegate.swift */ = {isa = PBXFileReference; lastKnownFileType = sourcecode.swift; path = SceneDelegate.swift; sourceTree = "<group>"; };
		1A8B135629E60B6100376913 /* Assets.xcassets */ = {isa = PBXFileReference; lastKnownFileType = folder.assetcatalog; path = Assets.xcassets; sourceTree = "<group>"; };
		1A8B135929E60B6100376913 /* Base */ = {isa = PBXFileReference; lastKnownFileType = file.storyboard; name = Base; path = Base.lproj/LaunchScreen.storyboard; sourceTree = "<group>"; };
		1A8B135B29E60B6100376913 /* Info.plist */ = {isa = PBXFileReference; lastKnownFileType = text.plist.xml; path = Info.plist; sourceTree = "<group>"; };
		1A9988002A48EAB2001D99EA /* PhotoViewController.swift */ = {isa = PBXFileReference; lastKnownFileType = sourcecode.swift; path = PhotoViewController.swift; sourceTree = "<group>"; };
		1A9988032A48ED66001D99EA /* CustomCollectionGalery.swift */ = {isa = PBXFileReference; lastKnownFileType = sourcecode.swift; path = CustomCollectionGalery.swift; sourceTree = "<group>"; };
		1AA767B62A3E401D006FE40C /* PhotosTableViewCell.swift */ = {isa = PBXFileReference; lastKnownFileType = sourcecode.swift; path = PhotosTableViewCell.swift; sourceTree = "<group>"; };
		1AA767B82A40C099006FE40C /* UIViewController + extention.swift */ = {isa = PBXFileReference; lastKnownFileType = sourcecode.swift; path = "UIViewController + extention.swift"; sourceTree = "<group>"; };
		1AA767BA2A40C523006FE40C /* CustomCollectionViewCell.swift */ = {isa = PBXFileReference; lastKnownFileType = sourcecode.swift; path = CustomCollectionViewCell.swift; sourceTree = "<group>"; };
		1AA767BC2A40CB21006FE40C /* PhotosModel.swift */ = {isa = PBXFileReference; lastKnownFileType = sourcecode.swift; path = PhotosModel.swift; sourceTree = "<group>"; };
		1AD6E4B62A0690E400199347 /* ProfileTableHeaderView.swift */ = {isa = PBXFileReference; lastKnownFileType = sourcecode.swift; path = ProfileTableHeaderView.swift; sourceTree = "<group>"; };
		1AE8EF822A309962007E1D65 /* PostModel.swift */ = {isa = PBXFileReference; lastKnownFileType = sourcecode.swift; path = PostModel.swift; sourceTree = "<group>"; };
		1AE8EF862A333634007E1D65 /* PostTableViewCell.swift */ = {isa = PBXFileReference; lastKnownFileType = sourcecode.swift; path = PostTableViewCell.swift; sourceTree = "<group>"; };
		1AE8EF882A336B6F007E1D65 /* UIViewExtention.swift */ = {isa = PBXFileReference; lastKnownFileType = sourcecode.swift; path = UIViewExtention.swift; sourceTree = "<group>"; };
		1AEA1BA429F198B700367085 /* Post.swift */ = {isa = PBXFileReference; lastKnownFileType = sourcecode.swift; path = Post.swift; sourceTree = "<group>"; };
		1AEA1BA829F19DD300367085 /* InfoViewController.swift */ = {isa = PBXFileReference; lastKnownFileType = sourcecode.swift; path = InfoViewController.swift; sourceTree = "<group>"; };
/* End PBXFileReference section */

/* Begin PBXFrameworksBuildPhase section */
		1A8B134729E60B6000376913 /* Frameworks */ = {
			isa = PBXFrameworksBuildPhase;
			buildActionMask = 2147483647;
			files = (
			);
			runOnlyForDeploymentPostprocessing = 0;
		};
/* End PBXFrameworksBuildPhase section */

/* Begin PBXGroup section */
		1A8B134129E60B6000376913 = {
			isa = PBXGroup;
			children = (
				1A8B134C29E60B6000376913 /* Navigation */,
				1A8B134B29E60B6000376913 /* Products */,
			);
			sourceTree = "<group>";
		};
		1A8B134B29E60B6000376913 /* Products */ = {
			isa = PBXGroup;
			children = (
				1A8B134A29E60B6000376913 /* Navigation.app */,
			);
			name = Products;
			sourceTree = "<group>";
		};
		1A8B134C29E60B6000376913 /* Navigation */ = {
			isa = PBXGroup;
			children = (
				1AD6E4B52A06908900199347 /* Profile */,
				1A8B134D29E60B6000376913 /* AppDelegate.swift */,
				1AE8EF882A336B6F007E1D65 /* UIViewExtention.swift */,
				1A8B134F29E60B6000376913 /* SceneDelegate.swift */,
				1A8B135629E60B6100376913 /* Assets.xcassets */,
				1A8B135829E60B6100376913 /* LaunchScreen.storyboard */,
				1A8B135B29E60B6100376913 /* Info.plist */,
				1A3FE67929E6220500BA673A /* FeedViewController.swift */,
				1AA767B82A40C099006FE40C /* UIViewController + extention.swift */,
				1A7FF4EA29E6D4F300F3862D /* PostViewController.swift */,
				1AEA1BA429F198B700367085 /* Post.swift */,
				1AEA1BA829F19DD300367085 /* InfoViewController.swift */,
			);
			path = Navigation;
			sourceTree = "<group>";
		};
		1A9988022A48ECFC001D99EA /* Galery */ = {
			isa = PBXGroup;
			children = (
				1A9988002A48EAB2001D99EA /* PhotoViewController.swift */,
				1A9988032A48ED66001D99EA /* CustomCollectionGalery.swift */,
			);
			path = Galery;
			sourceTree = "<group>";
		};
		1AD6E4B52A06908900199347 /* Profile */ = {
			isa = PBXGroup;
			children = (
				1AD6E4B62A0690E400199347 /* ProfileTableHeaderView.swift */,
				1AE8EF822A309962007E1D65 /* PostModel.swift */,
				1A3FE67B29E6221200BA673A /* ProfileViewController.swift */,
				1A0324FD2A49E92100EA284B /* Extention + UIApplication.swift */,
				1AE8EF862A333634007E1D65 /* PostTableViewCell.swift */,
				1AA767B62A3E401D006FE40C /* PhotosTableViewCell.swift */,
				1AA767BA2A40C523006FE40C /* CustomCollectionViewCell.swift */,
				1AA767BC2A40CB21006FE40C /* PhotosModel.swift */,
				1A9988022A48ECFC001D99EA /* Galery */,
			);
			path = Profile;
			sourceTree = "<group>";
		};
/* End PBXGroup section */

/* Begin PBXNativeTarget section */
		1A8B134929E60B6000376913 /* Navigation */ = {
			isa = PBXNativeTarget;
			buildConfigurationList = 1A8B135E29E60B6100376913 /* Build configuration list for PBXNativeTarget "Navigation" */;
			buildPhases = (
				1A8B134629E60B6000376913 /* Sources */,
				1A8B134729E60B6000376913 /* Frameworks */,
				1A8B134829E60B6000376913 /* Resources */,
			);
			buildRules = (
			);
			dependencies = (
			);
			name = Navigation;
			productName = Navigation;
			productReference = 1A8B134A29E60B6000376913 /* Navigation.app */;
			productType = "com.apple.product-type.application";
		};
/* End PBXNativeTarget section */

/* Begin PBXProject section */
		1A8B134229E60B6000376913 /* Project object */ = {
			isa = PBXProject;
			attributes = {
				BuildIndependentTargetsInParallel = 1;
				LastSwiftUpdateCheck = 1420;
				LastUpgradeCheck = 1420;
				TargetAttributes = {
					1A8B134929E60B6000376913 = {
						CreatedOnToolsVersion = 14.2;
					};
				};
			};
			buildConfigurationList = 1A8B134529E60B6000376913 /* Build configuration list for PBXProject "Navigation" */;
			compatibilityVersion = "Xcode 14.0";
			developmentRegion = en;
			hasScannedForEncodings = 0;
			knownRegions = (
				en,
				Base,
			);
			mainGroup = 1A8B134129E60B6000376913;
			productRefGroup = 1A8B134B29E60B6000376913 /* Products */;
			projectDirPath = "";
			projectRoot = "";
			targets = (
				1A8B134929E60B6000376913 /* Navigation */,
			);
		};
/* End PBXProject section */

/* Begin PBXResourcesBuildPhase section */
		1A8B134829E60B6000376913 /* Resources */ = {
			isa = PBXResourcesBuildPhase;
			buildActionMask = 2147483647;
			files = (
				1A8B135A29E60B6100376913 /* LaunchScreen.storyboard in Resources */,
				1A8B135729E60B6100376913 /* Assets.xcassets in Resources */,
			);
			runOnlyForDeploymentPostprocessing = 0;
		};
/* End PBXResourcesBuildPhase section */

/* Begin PBXSourcesBuildPhase section */
		1A8B134629E60B6000376913 /* Sources */ = {
			isa = PBXSourcesBuildPhase;
			buildActionMask = 2147483647;
			files = (
				1AA767B72A3E401D006FE40C /* PhotosTableViewCell.swift in Sources */,
				1AA767BB2A40C523006FE40C /* CustomCollectionViewCell.swift in Sources */,
				1A7FF4EB29E6D4F300F3862D /* PostViewController.swift in Sources */,
				1AE8EF832A309962007E1D65 /* PostModel.swift in Sources */,
				1A8B134E29E60B6000376913 /* AppDelegate.swift in Sources */,
				1A3FE67C29E6221200BA673A /* ProfileViewController.swift in Sources */,
				1AE8EF872A333634007E1D65 /* PostTableViewCell.swift in Sources */,
				1A3FE67A29E6220500BA673A /* FeedViewController.swift in Sources */,
				1AE8EF892A336B6F007E1D65 /* UIViewExtention.swift in Sources */,
				1AEA1BA529F198B700367085 /* Post.swift in Sources */,
				1AEA1BA929F19DD300367085 /* InfoViewController.swift in Sources */,
				1A9988042A48ED66001D99EA /* CustomCollectionGalery.swift in Sources */,
				1AA767BD2A40CB21006FE40C /* PhotosModel.swift in Sources */,
				1A8B135029E60B6000376913 /* SceneDelegate.swift in Sources */,
				1A9988012A48EAB2001D99EA /* PhotoViewController.swift in Sources */,
				1AD6E4B72A0690E400199347 /* ProfileTableHeaderView.swift in Sources */,
				1AA767B92A40C099006FE40C /* UIViewController + extention.swift in Sources */,
				1A0324FE2A49E92100EA284B /* Extention + UIApplication.swift in Sources */,
			);
			runOnlyForDeploymentPostprocessing = 0;
		};
/* End PBXSourcesBuildPhase section */

/* Begin PBXVariantGroup section */
		1A8B135829E60B6100376913 /* LaunchScreen.storyboard */ = {
			isa = PBXVariantGroup;
			children = (
				1A8B135929E60B6100376913 /* Base */,
			);
			name = LaunchScreen.storyboard;
			sourceTree = "<group>";
		};
/* End PBXVariantGroup section */

/* Begin XCBuildConfiguration section */
		1A8B135C29E60B6100376913 /* Debug */ = {
			isa = XCBuildConfiguration;
			buildSettings = {
				ALWAYS_SEARCH_USER_PATHS = NO;
				CLANG_ANALYZER_NONNULL = YES;
				CLANG_ANALYZER_NUMBER_OBJECT_CONVERSION = YES_AGGRESSIVE;
				CLANG_CXX_LANGUAGE_STANDARD = "gnu++20";
				CLANG_ENABLE_MODULES = YES;
				CLANG_ENABLE_OBJC_ARC = YES;
				CLANG_ENABLE_OBJC_WEAK = YES;
				CLANG_WARN_BLOCK_CAPTURE_AUTORELEASING = YES;
				CLANG_WARN_BOOL_CONVERSION = YES;
				CLANG_WARN_COMMA = YES;
				CLANG_WARN_CONSTANT_CONVERSION = YES;
				CLANG_WARN_DEPRECATED_OBJC_IMPLEMENTATIONS = YES;
				CLANG_WARN_DIRECT_OBJC_ISA_USAGE = YES_ERROR;
				CLANG_WARN_DOCUMENTATION_COMMENTS = YES;
				CLANG_WARN_EMPTY_BODY = YES;
				CLANG_WARN_ENUM_CONVERSION = YES;
				CLANG_WARN_INFINITE_RECURSION = YES;
				CLANG_WARN_INT_CONVERSION = YES;
				CLANG_WARN_NON_LITERAL_NULL_CONVERSION = YES;
				CLANG_WARN_OBJC_IMPLICIT_RETAIN_SELF = YES;
				CLANG_WARN_OBJC_LITERAL_CONVERSION = YES;
				CLANG_WARN_OBJC_ROOT_CLASS = YES_ERROR;
				CLANG_WARN_QUOTED_INCLUDE_IN_FRAMEWORK_HEADER = YES;
				CLANG_WARN_RANGE_LOOP_ANALYSIS = YES;
				CLANG_WARN_STRICT_PROTOTYPES = YES;
				CLANG_WARN_SUSPICIOUS_MOVE = YES;
				CLANG_WARN_UNGUARDED_AVAILABILITY = YES_AGGRESSIVE;
				CLANG_WARN_UNREACHABLE_CODE = YES;
				CLANG_WARN__DUPLICATE_METHOD_MATCH = YES;
				COPY_PHASE_STRIP = NO;
				DEBUG_INFORMATION_FORMAT = dwarf;
				ENABLE_STRICT_OBJC_MSGSEND = YES;
				ENABLE_TESTABILITY = YES;
				GCC_C_LANGUAGE_STANDARD = gnu11;
				GCC_DYNAMIC_NO_PIC = NO;
				GCC_NO_COMMON_BLOCKS = YES;
				GCC_OPTIMIZATION_LEVEL = 0;
				GCC_PREPROCESSOR_DEFINITIONS = (
					"DEBUG=1",
					"$(inherited)",
				);
				GCC_WARN_64_TO_32_BIT_CONVERSION = YES;
				GCC_WARN_ABOUT_RETURN_TYPE = YES_ERROR;
				GCC_WARN_UNDECLARED_SELECTOR = YES;
				GCC_WARN_UNINITIALIZED_AUTOS = YES_AGGRESSIVE;
				GCC_WARN_UNUSED_FUNCTION = YES;
				GCC_WARN_UNUSED_VARIABLE = YES;
				IPHONEOS_DEPLOYMENT_TARGET = 16.2;
				MTL_ENABLE_DEBUG_INFO = INCLUDE_SOURCE;
				MTL_FAST_MATH = YES;
				ONLY_ACTIVE_ARCH = YES;
				SDKROOT = iphoneos;
				SWIFT_ACTIVE_COMPILATION_CONDITIONS = DEBUG;
				SWIFT_OPTIMIZATION_LEVEL = "-Onone";
			};
			name = Debug;
		};
		1A8B135D29E60B6100376913 /* Release */ = {
			isa = XCBuildConfiguration;
			buildSettings = {
				ALWAYS_SEARCH_USER_PATHS = NO;
				CLANG_ANALYZER_NONNULL = YES;
				CLANG_ANALYZER_NUMBER_OBJECT_CONVERSION = YES_AGGRESSIVE;
				CLANG_CXX_LANGUAGE_STANDARD = "gnu++20";
				CLANG_ENABLE_MODULES = YES;
				CLANG_ENABLE_OBJC_ARC = YES;
				CLANG_ENABLE_OBJC_WEAK = YES;
				CLANG_WARN_BLOCK_CAPTURE_AUTORELEASING = YES;
				CLANG_WARN_BOOL_CONVERSION = YES;
				CLANG_WARN_COMMA = YES;
				CLANG_WARN_CONSTANT_CONVERSION = YES;
				CLANG_WARN_DEPRECATED_OBJC_IMPLEMENTATIONS = YES;
				CLANG_WARN_DIRECT_OBJC_ISA_USAGE = YES_ERROR;
				CLANG_WARN_DOCUMENTATION_COMMENTS = YES;
				CLANG_WARN_EMPTY_BODY = YES;
				CLANG_WARN_ENUM_CONVERSION = YES;
				CLANG_WARN_INFINITE_RECURSION = YES;
				CLANG_WARN_INT_CONVERSION = YES;
				CLANG_WARN_NON_LITERAL_NULL_CONVERSION = YES;
				CLANG_WARN_OBJC_IMPLICIT_RETAIN_SELF = YES;
				CLANG_WARN_OBJC_LITERAL_CONVERSION = YES;
				CLANG_WARN_OBJC_ROOT_CLASS = YES_ERROR;
				CLANG_WARN_QUOTED_INCLUDE_IN_FRAMEWORK_HEADER = YES;
				CLANG_WARN_RANGE_LOOP_ANALYSIS = YES;
				CLANG_WARN_STRICT_PROTOTYPES = YES;
				CLANG_WARN_SUSPICIOUS_MOVE = YES;
				CLANG_WARN_UNGUARDED_AVAILABILITY = YES_AGGRESSIVE;
				CLANG_WARN_UNREACHABLE_CODE = YES;
				CLANG_WARN__DUPLICATE_METHOD_MATCH = YES;
				COPY_PHASE_STRIP = NO;
				DEBUG_INFORMATION_FORMAT = "dwarf-with-dsym";
				ENABLE_NS_ASSERTIONS = NO;
				ENABLE_STRICT_OBJC_MSGSEND = YES;
				GCC_C_LANGUAGE_STANDARD = gnu11;
				GCC_NO_COMMON_BLOCKS = YES;
				GCC_WARN_64_TO_32_BIT_CONVERSION = YES;
				GCC_WARN_ABOUT_RETURN_TYPE = YES_ERROR;
				GCC_WARN_UNDECLARED_SELECTOR = YES;
				GCC_WARN_UNINITIALIZED_AUTOS = YES_AGGRESSIVE;
				GCC_WARN_UNUSED_FUNCTION = YES;
				GCC_WARN_UNUSED_VARIABLE = YES;
				IPHONEOS_DEPLOYMENT_TARGET = 16.2;
				MTL_ENABLE_DEBUG_INFO = NO;
				MTL_FAST_MATH = YES;
				SDKROOT = iphoneos;
				SWIFT_COMPILATION_MODE = wholemodule;
				SWIFT_OPTIMIZATION_LEVEL = "-O";
				VALIDATE_PRODUCT = YES;
			};
			name = Release;
		};
		1A8B135F29E60B6100376913 /* Debug */ = {
			isa = XCBuildConfiguration;
			buildSettings = {
				ASSETCATALOG_COMPILER_APPICON_NAME = AppIcon;
				ASSETCATALOG_COMPILER_GLOBAL_ACCENT_COLOR_NAME = AccentColor;
				CODE_SIGN_STYLE = Automatic;
				CURRENT_PROJECT_VERSION = 1;
				GENERATE_INFOPLIST_FILE = YES;
				INFOPLIST_FILE = Navigation/Info.plist;
				INFOPLIST_KEY_UIApplicationSupportsIndirectInputEvents = YES;
				INFOPLIST_KEY_UILaunchStoryboardName = LaunchScreen;
				INFOPLIST_KEY_UISupportedInterfaceOrientations_iPad = "UIInterfaceOrientationPortrait UIInterfaceOrientationPortraitUpsideDown UIInterfaceOrientationLandscapeLeft UIInterfaceOrientationLandscapeRight";
				INFOPLIST_KEY_UISupportedInterfaceOrientations_iPhone = "UIInterfaceOrientationPortrait UIInterfaceOrientationLandscapeLeft UIInterfaceOrientationLandscapeRight";
				LD_RUNPATH_SEARCH_PATHS = (
					"$(inherited)",
					"@executable_path/Frameworks",
				);
				MARKETING_VERSION = 1.0;
				PRODUCT_BUNDLE_IDENTIFIER = "Valeriy-Klimchenko.Navigation";
				PRODUCT_NAME = "$(TARGET_NAME)";
				SUPPORTED_PLATFORMS = "iphoneos iphonesimulator";
				SUPPORTS_MACCATALYST = NO;
				SUPPORTS_MAC_DESIGNED_FOR_IPHONE_IPAD = NO;
				SWIFT_EMIT_LOC_STRINGS = YES;
				SWIFT_VERSION = 5.0;
				TARGETED_DEVICE_FAMILY = 1;
			};
			name = Debug;
		};
		1A8B136029E60B6100376913 /* Release */ = {
			isa = XCBuildConfiguration;
			buildSettings = {
				ASSETCATALOG_COMPILER_APPICON_NAME = AppIcon;
				ASSETCATALOG_COMPILER_GLOBAL_ACCENT_COLOR_NAME = AccentColor;
				CODE_SIGN_STYLE = Automatic;
				CURRENT_PROJECT_VERSION = 1;
				GENERATE_INFOPLIST_FILE = YES;
				INFOPLIST_FILE = Navigation/Info.plist;
				INFOPLIST_KEY_UIApplicationSupportsIndirectInputEvents = YES;
				INFOPLIST_KEY_UILaunchStoryboardName = LaunchScreen;
				INFOPLIST_KEY_UISupportedInterfaceOrientations_iPad = "UIInterfaceOrientationPortrait UIInterfaceOrientationPortraitUpsideDown UIInterfaceOrientationLandscapeLeft UIInterfaceOrientationLandscapeRight";
				INFOPLIST_KEY_UISupportedInterfaceOrientations_iPhone = "UIInterfaceOrientationPortrait UIInterfaceOrientationLandscapeLeft UIInterfaceOrientationLandscapeRight";
				LD_RUNPATH_SEARCH_PATHS = (
					"$(inherited)",
					"@executable_path/Frameworks",
				);
				MARKETING_VERSION = 1.0;
				PRODUCT_BUNDLE_IDENTIFIER = "Valeriy-Klimchenko.Navigation";
				PRODUCT_NAME = "$(TARGET_NAME)";
				SUPPORTED_PLATFORMS = "iphoneos iphonesimulator";
				SUPPORTS_MACCATALYST = NO;
				SUPPORTS_MAC_DESIGNED_FOR_IPHONE_IPAD = NO;
				SWIFT_EMIT_LOC_STRINGS = YES;
				SWIFT_VERSION = 5.0;
				TARGETED_DEVICE_FAMILY = 1;
			};
			name = Release;
		};
/* End XCBuildConfiguration section */

/* Begin XCConfigurationList section */
		1A8B134529E60B6000376913 /* Build configuration list for PBXProject "Navigation" */ = {
			isa = XCConfigurationList;
			buildConfigurations = (
				1A8B135C29E60B6100376913 /* Debug */,
				1A8B135D29E60B6100376913 /* Release */,
			);
			defaultConfigurationIsVisible = 0;
			defaultConfigurationName = Release;
		};
		1A8B135E29E60B6100376913 /* Build configuration list for PBXNativeTarget "Navigation" */ = {
			isa = XCConfigurationList;
			buildConfigurations = (
				1A8B135F29E60B6100376913 /* Debug */,
				1A8B136029E60B6100376913 /* Release */,
			);
			defaultConfigurationIsVisible = 0;
			defaultConfigurationName = Release;
		};
/* End XCConfigurationList section */
	};
	rootObject = 1A8B134229E60B6000376913 /* Project object */;
}
